
Microsoft Visual Studio Solution File, Format Version 12.00
# Visual Studio Version 16
VisualStudioVersion = 16.0.34601.136
MinimumVisualStudioVersion = 10.0.40219.1
Project("{8BC9CEB8-8B4A-11D0-8D11-00A0C91BC942}") = "Raytracing", "Raytracing\Raytracing.vcxproj", "{34394C7F-F8F7-46E0-B12F-8DAB6D069C4C}"
EndProject
Global
	GlobalSection(SolutionConfigurationPlatforms) = preSolution
		Debug|x64 = Debug|x64
		Debug|x86 = Debug|x86
		Release|x64 = Release|x64
		Release|x86 = Release|x86
	EndGlobalSection
	GlobalSection(ProjectConfigurationPlatforms) = postSolution
		{34394C7F-F8F7-46E0-B12F-8DAB6D069C4C}.Debug|x64.ActiveCfg = Debug|x64
		{34394C7F-F8F7-46E0-B12F-8DAB6D069C4C}.Debug|x64.Build.0 = Debug|x64
		{34394C7F-F8F7-46E0-B12F-8DAB6D069C4C}.Debug|x86.ActiveCfg = Debug|Win32
		{34394C7F-F8F7-46E0-B12F-8DAB6D069C4C}.Debug|x86.Build.0 = Debug|Win32
		{34394C7F-F8F7-46E0-B12F-8DAB6D069C4C}.Release|x64.ActiveCfg = Release|x64
		{34394C7F-F8F7-46E0-B12F-8DAB6D069C4C}.Release|x64.Build.0 = Release|x64
		{34394C7F-F8F7-46E0-B12F-8DAB6D069C4C}.Release|x86.ActiveCfg = Release|Win32
		{34394C7F-F8F7-46E0-B12F-8DAB6D069C4C}.Release|x86.Build.0 = Release|Win32
	EndGlobalSection
	GlobalSection(SolutionProperties) = preSolution
		HideSolutionNode = FALSE
	EndGlobalSection
	GlobalSection(ExtensibilityGlobals) = postSolution
		SolutionGuid = {575A4637-5109-4D09-8256-A59469D4AA70}
	EndGlobalSection
EndGlobal
